
Microsoft Visual Studio Solution File, Format Version 12.00
# Visual Studio 15
VisualStudioVersion = 15.0.28307.572
MinimumVisualStudioVersion = 10.0.40219.1
Project("{FAE04EC0-301F-11D3-BF4B-00C04F79EFBC}") = "DonneesPharma", "DonneesPharma\DonneesPharma.csproj", "{26076779-91C1-4713-9A11-C48B6B349ECE}"
EndProject
Global
	GlobalSection(SolutionConfigurationPlatforms) = preSolution
		Debug|Any CPU = Debug|Any CPU
		Release|Any CPU = Release|Any CPU
	EndGlobalSection
	GlobalSection(ProjectConfigurationPlatforms) = postSolution
		{26076779-91C1-4713-9A11-C48B6B349ECE}.Debug|Any CPU.ActiveCfg = Debug|Any CPU
		{26076779-91C1-4713-9A11-C48B6B349ECE}.Debug|Any CPU.Build.0 = Debug|Any CPU
		{26076779-91C1-4713-9A11-C48B6B349ECE}.Release|Any CPU.ActiveCfg = Release|Any CPU
		{26076779-91C1-4713-9A11-C48B6B349ECE}.Release|Any CPU.Build.0 = Release|Any CPU
	EndGlobalSection
	GlobalSection(SolutionProperties) = preSolution
		HideSolutionNode = FALSE
	EndGlobalSection
	GlobalSection(ExtensibilityGlobals) = postSolution
		SolutionGuid = {82E77BE9-2E48-4F7B-BBC1-B6AC4A665C2C}
	EndGlobalSection
EndGlobal
